
Microsoft Visual Studio Solution File, Format Version 12.00
# Visual Studio 14
VisualStudioVersion = 14.0.23107.0
MinimumVisualStudioVersion = 10.0.40219.1
Project("{FAE04EC0-301F-11D3-BF4B-00C04F79EFBC}") = "ListasCirculares_atencionDeProcesos", "ListasCirculares_atencionDeProcesos\ListasCirculares_atencionDeProcesos.csproj", "{29B7375E-8C75-40B2-8FF8-FDE376E2CCC9}"
EndProject
Global
	GlobalSection(SolutionConfigurationPlatforms) = preSolution
		Debug|Any CPU = Debug|Any CPU
		Release|Any CPU = Release|Any CPU
	EndGlobalSection
	GlobalSection(ProjectConfigurationPlatforms) = postSolution
		{29B7375E-8C75-40B2-8FF8-FDE376E2CCC9}.Debug|Any CPU.ActiveCfg = Debug|Any CPU
		{29B7375E-8C75-40B2-8FF8-FDE376E2CCC9}.Debug|Any CPU.Build.0 = Debug|Any CPU
		{29B7375E-8C75-40B2-8FF8-FDE376E2CCC9}.Release|Any CPU.ActiveCfg = Release|Any CPU
		{29B7375E-8C75-40B2-8FF8-FDE376E2CCC9}.Release|Any CPU.Build.0 = Release|Any CPU
	EndGlobalSection
	GlobalSection(SolutionProperties) = preSolution
		HideSolutionNode = FALSE
	EndGlobalSection
EndGlobal
